
Microsoft Visual Studio Solution File, Format Version 12.00
# Visual Studio Version 17
VisualStudioVersion = 17.9.34902.65
MinimumVisualStudioVersion = 10.0.40219.1
Project("{FAE04EC0-301F-11D3-BF4B-00C04F79EFBC}") = "Proje_SQL_DB", "Proje_SQL_DB\Proje_SQL_DB.csproj", "{6CCB7FA9-F78C-45AE-97C4-80B318D481A9}"
EndProject
Global
	GlobalSection(SolutionConfigurationPlatforms) = preSolution
		Debug|Any CPU = Debug|Any CPU
		Release|Any CPU = Release|Any CPU
	EndGlobalSection
	GlobalSection(ProjectConfigurationPlatforms) = postSolution
		{6CCB7FA9-F78C-45AE-97C4-80B318D481A9}.Debug|Any CPU.ActiveCfg = Debug|Any CPU
		{6CCB7FA9-F78C-45AE-97C4-80B318D481A9}.Debug|Any CPU.Build.0 = Debug|Any CPU
		{6CCB7FA9-F78C-45AE-97C4-80B318D481A9}.Release|Any CPU.ActiveCfg = Release|Any CPU
		{6CCB7FA9-F78C-45AE-97C4-80B318D481A9}.Release|Any CPU.Build.0 = Release|Any CPU
	EndGlobalSection
	GlobalSection(SolutionProperties) = preSolution
		HideSolutionNode = FALSE
	EndGlobalSection
	GlobalSection(ExtensibilityGlobals) = postSolution
		SolutionGuid = {DCFD587D-AFDE-421B-88AD-CD90FF09F0F2}
	EndGlobalSection
EndGlobal
